
Microsoft Visual Studio Solution File, Format Version 12.00
# Visual Studio 15
VisualStudioVersion = 15.0.27703.2026
MinimumVisualStudioVersion = 10.0.40219.1
Project("{9A19103F-16F7-4668-BE54-9A1E7A4F7556}") = "NightlyBerryApi", "NightlyBerryApi\NightlyBerryApi.csproj", "{08E22481-D570-450E-AB0C-C7E92B030A21}"
EndProject
Project("{9A19103F-16F7-4668-BE54-9A1E7A4F7556}") = "NightlyBerryApi.Tests", "NightlyBerryApi.Tests\NightlyBerryApi.Tests.csproj", "{817B6676-B466-46DE-A17F-14DD23F3D337}"
EndProject
Global
	GlobalSection(SolutionConfigurationPlatforms) = preSolution
		Debug|Any CPU = Debug|Any CPU
		Release|Any CPU = Release|Any CPU
	EndGlobalSection
	GlobalSection(ProjectConfigurationPlatforms) = postSolution
		{08E22481-D570-450E-AB0C-C7E92B030A21}.Debug|Any CPU.ActiveCfg = Debug|Any CPU
		{08E22481-D570-450E-AB0C-C7E92B030A21}.Debug|Any CPU.Build.0 = Debug|Any CPU
		{08E22481-D570-450E-AB0C-C7E92B030A21}.Release|Any CPU.ActiveCfg = Release|Any CPU
		{08E22481-D570-450E-AB0C-C7E92B030A21}.Release|Any CPU.Build.0 = Release|Any CPU
		{817B6676-B466-46DE-A17F-14DD23F3D337}.Debug|Any CPU.ActiveCfg = Debug|Any CPU
		{817B6676-B466-46DE-A17F-14DD23F3D337}.Debug|Any CPU.Build.0 = Debug|Any CPU
		{817B6676-B466-46DE-A17F-14DD23F3D337}.Release|Any CPU.ActiveCfg = Release|Any CPU
		{817B6676-B466-46DE-A17F-14DD23F3D337}.Release|Any CPU.Build.0 = Release|Any CPU
	EndGlobalSection
	GlobalSection(SolutionProperties) = preSolution
		HideSolutionNode = FALSE
	EndGlobalSection
	GlobalSection(ExtensibilityGlobals) = postSolution
		SolutionGuid = {961C2BDD-909E-4ADC-91CA-72F9B5B475A5}
	EndGlobalSection
EndGlobal
