
Microsoft Visual Studio Solution File, Format Version 12.00
# Visual Studio Version 16
VisualStudioVersion = 16.0.29001.49
MinimumVisualStudioVersion = 10.0.40219.1
Project("{9A19103F-16F7-4668-BE54-9A1E7A4F7556}") = "Seed", "Seed.csproj", "{E8D1CCD4-D190-41AA-AF7D-8351CEAE99F6}"
EndProject
Global
	GlobalSection(SolutionConfigurationPlatforms) = preSolution
		Debug|Any CPU = Debug|Any CPU
		Release|Any CPU = Release|Any CPU
	EndGlobalSection
	GlobalSection(ProjectConfigurationPlatforms) = postSolution
		{E8D1CCD4-D190-41AA-AF7D-8351CEAE99F6}.Debug|Any CPU.ActiveCfg = Debug|Any CPU
		{E8D1CCD4-D190-41AA-AF7D-8351CEAE99F6}.Debug|Any CPU.Build.0 = Debug|Any CPU
		{E8D1CCD4-D190-41AA-AF7D-8351CEAE99F6}.Release|Any CPU.ActiveCfg = Release|Any CPU
		{E8D1CCD4-D190-41AA-AF7D-8351CEAE99F6}.Release|Any CPU.Build.0 = Release|Any CPU
	EndGlobalSection
	GlobalSection(SolutionProperties) = preSolution
		HideSolutionNode = FALSE
	EndGlobalSection
	GlobalSection(ExtensibilityGlobals) = postSolution
		SolutionGuid = {91EB66CE-A43F-4164-9B8C-068CBCCF260F}
	EndGlobalSection
EndGlobal
