
Microsoft Visual Studio Solution File, Format Version 12.00
# Visual Studio 15
Project("{2150E333-8FDC-42A3-9474-1A3956D46DE8}") = "1- Presentation", "1- Presentation", "{1BF9F2CD-1538-4B01-BCEF-6CA0A0341113}"
EndProject
Project("{2150E333-8FDC-42A3-9474-1A3956D46DE8}") = "2- Domain", "2- Domain", "{A61264EC-677B-4FC7-AC36-AEC77CA1E172}"
EndProject
Project("{2150E333-8FDC-42A3-9474-1A3956D46DE8}") = "3- Impl", "3- Impl", "{642F6A23-9210-4E66-ABD0-9F4C40E52724}"
EndProject
Project("{2150E333-8FDC-42A3-9474-1A3956D46DE8}") = "4- Infra", "4- Infra", "{583F1B59-AE9A-4AF4-B40D-D1BC8D335199}"
EndProject
Project("{2150E333-8FDC-42A3-9474-1A3956D46DE8}") = "5- Deploy", "5- Deploy", "{5CA4E516-32DB-43B3-9B66-E30464D933D5}"
EndProject
Project("{2150E333-8FDC-42A3-9474-1A3956D46DE8}") = "Scripts", "Scripts", "{FDE83893-402E-4E62-BE4C-3D5308D4ACD3}"
	ProjectSection(SolutionItems) = preProject
		001 - Create Database.sql = 001 - Create Database.sql
		002 - Initial Insertions.sql = 002 - Initial Insertions.sql
	EndProjectSection
EndProject
Project("{FAE04EC0-301F-11D3-BF4B-00C04F79EFBC}") = "Presentation.Api", "Presentation.Api\Presentation.Api.csproj", "{7293109F-C0EA-4A6E-BCA3-9B2C5AAD24D5}"
EndProject
Project("{FAE04EC0-301F-11D3-BF4B-00C04F79EFBC}") = "Infra.Service", "Infra.Service\Infra.Service.csproj", "{5265D83C-BA98-4CF1-9B72-C08F7314B2DD}"
EndProject
Project("{FAE04EC0-301F-11D3-BF4B-00C04F79EFBC}") = "Infra.Repository", "Infra.Repository\Infra.Repository.csproj", "{EFC36C8F-B6BF-4B15-9669-629F2962F774}"
EndProject
Project("{FAE04EC0-301F-11D3-BF4B-00C04F79EFBC}") = "Infra.DependencyInjection", "Infra.DependencyInjection\Infra.DependencyInjection.csproj", "{E5948169-971B-4D34-8FA9-036531492E99}"
EndProject
Project("{FAE04EC0-301F-11D3-BF4B-00C04F79EFBC}") = "Domain.Model", "Domain.Model\Domain.Model.csproj", "{FB42A9CF-1C22-4334-90CA-BCCD576C6B9F}"
EndProject
Project("{FAE04EC0-301F-11D3-BF4B-00C04F79EFBC}") = "Domain.Dto", "Domain.Dto\Domain.Dto.csproj", "{FE20BC3B-1E83-4E4E-9BFC-2BFD4D4D6953}"
EndProject
Project("{FAE04EC0-301F-11D3-BF4B-00C04F79EFBC}") = "Domain.Service", "Domain.Service\Domain.Service.csproj", "{F593ADE4-6581-4A6E-8657-AAAFF6655CEE}"
EndProject
Project("{FAE04EC0-301F-11D3-BF4B-00C04F79EFBC}") = "Domain.Service.Impl", "Domain.Service.Impl\Domain.Service.Impl.csproj", "{9776611E-4B85-469D-91D5-F8C8258E8FFE}"
EndProject
Project("{FAE04EC0-301F-11D3-BF4B-00C04F79EFBC}") = "Domain.Repository.Impl", "Domain.Repository.Impl\Domain.Repository.Impl.csproj", "{ECECFFBF-D58A-46D9-BEC6-417826571CFB}"
EndProject
Project("{FAE04EC0-301F-11D3-BF4B-00C04F79EFBC}") = "Domain.Repository", "Domain.Repository\Domain.Repository.csproj", "{DA86833E-79F9-473A-965C-43D7D94A9C7F}"
EndProject
Global
	GlobalSection(SolutionConfigurationPlatforms) = preSolution
		Debug|Any CPU = Debug|Any CPU
		Release|Any CPU = Release|Any CPU
	EndGlobalSection
	GlobalSection(ProjectConfigurationPlatforms) = postSolution
		{7293109F-C0EA-4A6E-BCA3-9B2C5AAD24D5}.Debug|Any CPU.ActiveCfg = Debug|Any CPU
		{7293109F-C0EA-4A6E-BCA3-9B2C5AAD24D5}.Debug|Any CPU.Build.0 = Debug|Any CPU
		{7293109F-C0EA-4A6E-BCA3-9B2C5AAD24D5}.Release|Any CPU.ActiveCfg = Release|Any CPU
		{7293109F-C0EA-4A6E-BCA3-9B2C5AAD24D5}.Release|Any CPU.Build.0 = Release|Any CPU
		{5265D83C-BA98-4CF1-9B72-C08F7314B2DD}.Debug|Any CPU.ActiveCfg = Debug|Any CPU
		{5265D83C-BA98-4CF1-9B72-C08F7314B2DD}.Debug|Any CPU.Build.0 = Debug|Any CPU
		{5265D83C-BA98-4CF1-9B72-C08F7314B2DD}.Release|Any CPU.ActiveCfg = Release|Any CPU
		{5265D83C-BA98-4CF1-9B72-C08F7314B2DD}.Release|Any CPU.Build.0 = Release|Any CPU
		{EFC36C8F-B6BF-4B15-9669-629F2962F774}.Debug|Any CPU.ActiveCfg = Debug|Any CPU
		{EFC36C8F-B6BF-4B15-9669-629F2962F774}.Debug|Any CPU.Build.0 = Debug|Any CPU
		{EFC36C8F-B6BF-4B15-9669-629F2962F774}.Release|Any CPU.ActiveCfg = Release|Any CPU
		{EFC36C8F-B6BF-4B15-9669-629F2962F774}.Release|Any CPU.Build.0 = Release|Any CPU
		{E5948169-971B-4D34-8FA9-036531492E99}.Debug|Any CPU.ActiveCfg = Debug|Any CPU
		{E5948169-971B-4D34-8FA9-036531492E99}.Debug|Any CPU.Build.0 = Debug|Any CPU
		{E5948169-971B-4D34-8FA9-036531492E99}.Release|Any CPU.ActiveCfg = Release|Any CPU
		{E5948169-971B-4D34-8FA9-036531492E99}.Release|Any CPU.Build.0 = Release|Any CPU
		{FB42A9CF-1C22-4334-90CA-BCCD576C6B9F}.Debug|Any CPU.ActiveCfg = Debug|Any CPU
		{FB42A9CF-1C22-4334-90CA-BCCD576C6B9F}.Debug|Any CPU.Build.0 = Debug|Any CPU
		{FB42A9CF-1C22-4334-90CA-BCCD576C6B9F}.Release|Any CPU.ActiveCfg = Release|Any CPU
		{FB42A9CF-1C22-4334-90CA-BCCD576C6B9F}.Release|Any CPU.Build.0 = Release|Any CPU
		{FE20BC3B-1E83-4E4E-9BFC-2BFD4D4D6953}.Debug|Any CPU.ActiveCfg = Debug|Any CPU
		{FE20BC3B-1E83-4E4E-9BFC-2BFD4D4D6953}.Debug|Any CPU.Build.0 = Debug|Any CPU
		{FE20BC3B-1E83-4E4E-9BFC-2BFD4D4D6953}.Release|Any CPU.ActiveCfg = Release|Any CPU
		{FE20BC3B-1E83-4E4E-9BFC-2BFD4D4D6953}.Release|Any CPU.Build.0 = Release|Any CPU
		{F593ADE4-6581-4A6E-8657-AAAFF6655CEE}.Debug|Any CPU.ActiveCfg = Debug|Any CPU
		{F593ADE4-6581-4A6E-8657-AAAFF6655CEE}.Debug|Any CPU.Build.0 = Debug|Any CPU
		{F593ADE4-6581-4A6E-8657-AAAFF6655CEE}.Release|Any CPU.ActiveCfg = Release|Any CPU
		{F593ADE4-6581-4A6E-8657-AAAFF6655CEE}.Release|Any CPU.Build.0 = Release|Any CPU
		{9776611E-4B85-469D-91D5-F8C8258E8FFE}.Debug|Any CPU.ActiveCfg = Debug|Any CPU
		{9776611E-4B85-469D-91D5-F8C8258E8FFE}.Debug|Any CPU.Build.0 = Debug|Any CPU
		{9776611E-4B85-469D-91D5-F8C8258E8FFE}.Release|Any CPU.ActiveCfg = Release|Any CPU
		{9776611E-4B85-469D-91D5-F8C8258E8FFE}.Release|Any CPU.Build.0 = Release|Any CPU
		{ECECFFBF-D58A-46D9-BEC6-417826571CFB}.Debug|Any CPU.ActiveCfg = Debug|Any CPU
		{ECECFFBF-D58A-46D9-BEC6-417826571CFB}.Debug|Any CPU.Build.0 = Debug|Any CPU
		{ECECFFBF-D58A-46D9-BEC6-417826571CFB}.Release|Any CPU.ActiveCfg = Release|Any CPU
		{ECECFFBF-D58A-46D9-BEC6-417826571CFB}.Release|Any CPU.Build.0 = Release|Any CPU
		{DA86833E-79F9-473A-965C-43D7D94A9C7F}.Debug|Any CPU.ActiveCfg = Debug|Any CPU
		{DA86833E-79F9-473A-965C-43D7D94A9C7F}.Debug|Any CPU.Build.0 = Debug|Any CPU
		{DA86833E-79F9-473A-965C-43D7D94A9C7F}.Release|Any CPU.ActiveCfg = Release|Any CPU
		{DA86833E-79F9-473A-965C-43D7D94A9C7F}.Release|Any CPU.Build.0 = Release|Any CPU
	EndGlobalSection
	GlobalSection(NestedProjects) = preSolution
		{FDE83893-402E-4E62-BE4C-3D5308D4ACD3} = {5CA4E516-32DB-43B3-9B66-E30464D933D5}
		{7293109F-C0EA-4A6E-BCA3-9B2C5AAD24D5} = {1BF9F2CD-1538-4B01-BCEF-6CA0A0341113}
		{5265D83C-BA98-4CF1-9B72-C08F7314B2DD} = {583F1B59-AE9A-4AF4-B40D-D1BC8D335199}
		{EFC36C8F-B6BF-4B15-9669-629F2962F774} = {583F1B59-AE9A-4AF4-B40D-D1BC8D335199}
		{E5948169-971B-4D34-8FA9-036531492E99} = {583F1B59-AE9A-4AF4-B40D-D1BC8D335199}
		{FB42A9CF-1C22-4334-90CA-BCCD576C6B9F} = {A61264EC-677B-4FC7-AC36-AEC77CA1E172}
		{FE20BC3B-1E83-4E4E-9BFC-2BFD4D4D6953} = {A61264EC-677B-4FC7-AC36-AEC77CA1E172}
		{F593ADE4-6581-4A6E-8657-AAAFF6655CEE} = {A61264EC-677B-4FC7-AC36-AEC77CA1E172}
		{9776611E-4B85-469D-91D5-F8C8258E8FFE} = {642F6A23-9210-4E66-ABD0-9F4C40E52724}
		{ECECFFBF-D58A-46D9-BEC6-417826571CFB} = {642F6A23-9210-4E66-ABD0-9F4C40E52724}
		{DA86833E-79F9-473A-965C-43D7D94A9C7F} = {A61264EC-677B-4FC7-AC36-AEC77CA1E172}
	EndGlobalSection
EndGlobal
